
Microsoft Visual Studio Solution File, Format Version 12.00
# Visual Studio Version 17
VisualStudioVersion = 17.2.32616.157
MinimumVisualStudioVersion = 10.0.40219.1
Project("{FAE04EC0-301F-11D3-BF4B-00C04F79EFBC}") = "mapas_IA_5", "mapas_IA_5\mapas_IA_5.csproj", "{9AA12617-512A-49EB-A94C-AEBEF7F71D88}"
EndProject
Global
	GlobalSection(SolutionConfigurationPlatforms) = preSolution
		Debug|Any CPU = Debug|Any CPU
		Release|Any CPU = Release|Any CPU
	EndGlobalSection
	GlobalSection(ProjectConfigurationPlatforms) = postSolution
		{9AA12617-512A-49EB-A94C-AEBEF7F71D88}.Debug|Any CPU.ActiveCfg = Debug|Any CPU
		{9AA12617-512A-49EB-A94C-AEBEF7F71D88}.Debug|Any CPU.Build.0 = Debug|Any CPU
		{9AA12617-512A-49EB-A94C-AEBEF7F71D88}.Release|Any CPU.ActiveCfg = Release|Any CPU
		{9AA12617-512A-49EB-A94C-AEBEF7F71D88}.Release|Any CPU.Build.0 = Release|Any CPU
	EndGlobalSection
	GlobalSection(SolutionProperties) = preSolution
		HideSolutionNode = FALSE
	EndGlobalSection
	GlobalSection(ExtensibilityGlobals) = postSolution
		SolutionGuid = {AFBA6428-02DB-480D-AC3B-21678EE210E0}
	EndGlobalSection
EndGlobal
